github.com/J-Siu/go-dtquery v1.2.3 h1:cyiLnux1tekQ3wK+mTjqP4+HXQtkrpFXDeatCrW5Zz0=
github.com/J-Siu/go-dtquery v1.2.3/go.mod h1:e0B+fz79jMRGof3gWxTTk2Hc2tCD34u0Ac0AKwa2RUs=
github.com/J-Siu/go-dtquery v1.2.4 h1:r7EJUGYnYVxVUwBIBrd8PcH2tKK2cw5ZwS635Y4JhoE=
github.com/J-Siu/go-dtquery v1.2.4/go.mod h1:LJFjWfCowl1C62oRzf/yV9z/r0kPbK9yNwYMOkyvsHM=
github.com/J-Siu/go-helper/v2 v2.7.3 h1:iTc0VKLW2HtOca8XJOJ3lSdCMMTc///bfNeCISFfm2I=
github.com/J-Siu/go-helper/v2 v2.7.3/go.mod h1:sTbFTDC0ZmFiGYkrisQeb56LX9ofjtIS0IbTYcAGrBY=
github.com/J-Siu/go-helper/v2 v2.8.2 h1:sUxX+gAjU5RwmjlH4cygXe9nKFVcpMfHYoBLvJzvnIw=
github.com/J-Siu/go-helper/v2 v2.8.2/go.mod h1:Uoj5uFTUs2ghcRocyKsld47SL0tiUbDnFnCrMiAeD9c=
github.com/charlievieth/strcase v0.0.5 h1:gV4iXVyD6eI5KdfOV+/vIVCKXZwtCWOmDMcu7Uy00Rs=
github.com/charlievieth/strcase v0.0.5/go.mod h1:FIOYY1aDBMSIOFqmVomHBpoK+bteGlESRsgsdWjrhx8=
github.com/davecgh/go-spew v1.1.2-0.20180830191138-d8f796af33cc h1:U9qPSI2PIWSS1VwoXQT9A3Wy9MM3WgvqSxFWenqJduM=
github.com/davecgh/go-spew v1.1.2-0.20180830191138-d8f796af33cc/go.mod h1:J7Y8YcW2NihsgmVo/mv3lAwl/skON4iLHjSsI+c5H38=
github.com/gofrs/flock v0.13.0 h1:95JolYOvGMqeH31+FC7D2+uULf6mG61mEZ/A8dRYMzw=
github.com/gofrs/flock v0.13.0/go.mod h1:jxeyy9R1auM5S6JYDBhDt+E2TCo7DkratH4Pgi8P+Z0=
github.com/mitchellh/go-ps v1.0.0 h1:i6ampVEEF4wQFF+bkYfwYgY+F/uYJDktmvLPf7qIgjc=
github.com/mitchellh/go-ps v1.0.0/go.mod h1:J4lOc8z8yJs6vUwklHw2XEIiT4z4C40KtWVN3nvg8Pg=
github.com/pmezard/go-difflib v1.0.1-0.20181226105442-5d4384ee4fb2 h1:Jamvg5psRIccs7FGNTlIRMkT8wgtp5eCXdBlqhYGL6U=
github.com/pmezard/go-difflib v1.0.1-0.20181226105442-5d4384ee4fb2/go.mod h1:iKH77koFhYxTK1pcRnkKkqfTogsbg7gZNVY4sRDYZ/4=
github.com/runZeroInc/go-rod v0.0.19 h1:+6BQRoAy7KiY9VKEJVWdD5DZLbljjJ3k+3src+21UAQ=
github.com/runZeroInc/go-rod v0.0.19/go.mod h1:7ieKff2x11pwwyzwqgd/UXs51JGvqtrm4o/6hAL3sBQ=
github.com/runZeroInc/go-rod v0.0.27 h1:nETvNloJrnavRvzJPra7PTfHZmX1rQ1uCzaC/Rg45SE=
github.com/runZeroInc/go-rod v0.0.27/go.mod h1:qMThRbMip80uny1MF6JEE62VAcIp4KRngxDwX276n/w=
github.com/sirupsen/logrus v1.9.4 h1:TsZE7l11zFCLZnZ+teH4Umoq5BhEIfIzfRDZ1Uzql2w=
github.com/sirupsen/logrus v1.9.4/go.mod h1:ftWc9WdOfJ0a92nsE2jF5u5ZwH8Bv2zdeOC42RjbV2g=
github.com/stretchr/testify v1.11.1 h1:7s2iGBzp5EwR7/aIZr8ao5+dra3wiQyKjjFuvgVKu7U=
github.com/stretchr/testify v1.11.1/go.mod h1:wZwfW3scLgRK+23gO65QZefKpKQRnfz6sD981Nm4B6U=
golang.org/x/sys v0.43.0 h1:Rlag2XtaFTxp19wS8MXlJwTvoh8ArU6ezoyFsMyCTNI=
golang.org/x/sys v0.43.0/go.mod h1:4GL1E5IUh+htKOUEOaiffhrAeqysfVGipDYzABqnCmw=
golang.org/x/sys v0.44.0 h1:ildZl3J4uzeKP07r2F++Op7E9B29JRUy+a27EibtBTQ=
golang.org/x/sys v0.44.0/go.mod h1:4GL1E5IUh+htKOUEOaiffhrAeqysfVGipDYzABqnCmw=
gopkg.in/yaml.v3 v3.0.1 h1:fxVm/GzAzEWqLHuvctI91KS9hhNmmWOoWu0XTYJS7CA=
gopkg.in/yaml.v3 v3.0.1/go.mod h1:K4uyk7z7BCEPqu6E+C64Yfv1cQ7kz7rIZviUmN+EgEM=
